
Microsoft Visual Studio Solution File, Format Version 12.00
# Visual Studio Version 16
VisualStudioVersion = 16.0.30011.22
MinimumVisualStudioVersion = 10.0.40219.1
Project("{FAE04EC0-301F-11D3-BF4B-00C04F79EFBC}") = "AH.API", "AH.API\AH.API.csproj", "{344172C4-ADC6-4F22-B438-FD96A75EF33D}"
EndProject
Global
	GlobalSection(SolutionConfigurationPlatforms) = preSolution
		Debug|Any CPU = Debug|Any CPU
		Release|Any CPU = Release|Any CPU
	EndGlobalSection
	GlobalSection(ProjectConfigurationPlatforms) = postSolution
		{344172C4-ADC6-4F22-B438-FD96A75EF33D}.Debug|Any CPU.ActiveCfg = Debug|Any CPU
		{344172C4-ADC6-4F22-B438-FD96A75EF33D}.Debug|Any CPU.Build.0 = Debug|Any CPU
		{344172C4-ADC6-4F22-B438-FD96A75EF33D}.Release|Any CPU.ActiveCfg = Release|Any CPU
		{344172C4-ADC6-4F22-B438-FD96A75EF33D}.Release|Any CPU.Build.0 = Release|Any CPU
	EndGlobalSection
	GlobalSection(SolutionProperties) = preSolution
		HideSolutionNode = FALSE
	EndGlobalSection
	GlobalSection(ExtensibilityGlobals) = postSolution
		SolutionGuid = {49E75E90-0F2C-4F86-AF0C-BE24A2AA8D22}
	EndGlobalSection
EndGlobal
